PODS:
  - Nimble (5.0.0)
  - Quick (0.10.0)
  - TableViewModel (0.2.0)

DEPENDENCIES:
  - Nimble
  - Quick
  - TableViewModel (from `../`)

EXTERNAL SOURCES:
  TableViewModel:
    :path: ../

SPEC CHECKSUMS:
  Nimble: 56fc9f5020effa2206de22c3dd910f4fb011b92f
  Quick: 5d290df1c69d5ee2f0729956dcf0fd9a30447eaa
  TableViewModel: 0e5e00fc62b9a271811193711ac22f355cdcbf63

PODFILE CHECKSUM: 43d4c49fe4ab9c1ed2677dbbbc754440025ad55f

COCOAPODS: 1.0.1
