<?xml version="1.0" encoding="UTF-8"?>
<!DOCTYPE plist PUBLIC "-//Apple//DTD PLIST 1.0//EN" "http://www.apple.com/DTDs/PropertyList-1.0.dtd">
<plist version="1.0">
<dict>
	<key>archiveVersion</key>
	<string>1</string>
	<key>classes</key>
	<dict/>
	<key>objectVersion</key>
	<string>46</string>
	<key>objects</key>
	<dict>
		<key>042916080E920DB34D6C2218</key>
		<dict>
			<key>explicitFileType</key>
			<string>wrapper.framework</string>
			<key>includeInIndex</key>
			<string>0</string>
			<key>isa</key>
			<string>PBXFileReference</string>
			<key>path</key>
			<string>Pods_TableViewModel_Tests.framework</string>
			<key>sourceTree</key>
			<string>BUILT_PRODUCTS_DIR</string>
		</dict>
		<key>10F907CCCE0D76A3AB719BDE</key>
		<dict>
			<key>buildActionMask</key>
			<string>2147483647</string>
			<key>files</key>
			<array/>
			<key>inputPaths</key>
			<array/>
			<key>isa</key>
			<string>PBXShellScriptBuildPhase</string>
			<key>name</key>
			<string>&#128230; Embed Pods Frameworks</string>
			<key>outputPaths</key>
			<array/>
			<key>runOnlyForDeploymentPostprocessing</key>
			<string>0</string>
			<key>shellPath</key>
			<string>/bin/sh</string>
			<key>shellScript</key>
			<string>"${SRCROOT}/Pods/Target Support Files/Pods-TableViewModel_Tests/Pods-TableViewModel_Tests-frameworks.sh"
</string>
			<key>showEnvVarsInLog</key>
			<string>0</string>
		</dict>
		<key>264F3255B1BDE9CEDF384C0B</key>
		<dict>
			<key>fileEncoding</key>
			<string>4</string>
			<key>isa</key>
			<string>PBXFileReference</string>
			<key>lastKnownFileType</key>
			<string>sourcecode.swift</string>
			<key>path</key>
			<string>SampleCell2.swift</string>
			<key>sourceTree</key>
			<string>&lt;group&gt;</string>
		</dict>
		<key>264F32C6D766E5F942172539</key>
		<dict>
			<key>children</key>
			<array>
				<string>264F3DBDC59597AE89F3B95B</string>
			</array>
			<key>isa</key>
			<string>PBXGroup</string>
			<key>path</key>
			<string>Model</string>
			<key>sourceTree</key>
			<string>&lt;group&gt;</string>
		</dict>
		<key>264F32E522D6E32A8E39B5FA</key>
		<dict>
			<key>fileRef</key>
			<string>264F3255B1BDE9CEDF384C0B</string>
			<key>isa</key>
			<string>PBXBuildFile</string>
		</dict>
		<key>264F344FC048177F06DA99D1</key>
		<dict>
			<key>fileRef</key>
			<string>264F3E5A0C976C44F0057445</string>
			<key>isa</key>
			<string>PBXBuildFile</string>
		</dict>
		<key>264F360A4DB2F6FFD3EA1E6B</key>
		<dict>
			<key>fileEncoding</key>
			<string>4</string>
			<key>isa</key>
			<string>PBXFileReference</string>
			<key>lastKnownFileType</key>
			<string>sourcecode.swift</string>
			<key>path</key>
			<string>TableRowSpec.swift</string>
			<key>sourceTree</key>
			<string>&lt;group&gt;</string>
		</dict>
		<key>264F36A99FA3D2F61C344154</key>
		<dict>
			<key>fileRef</key>
			<string>264F387CCFBF7D1B30CFD68A</string>
			<key>isa</key>
			<string>PBXBuildFile</string>
		</dict>
		<key>264F36DF213414BC4AAC1363</key>
		<dict>
			<key>fileRef</key>
			<string>264F3DBDC59597AE89F3B95B</string>
			<key>isa</key>
			<string>PBXBuildFile</string>
		</dict>
		<key>264F36EFC75BE6598D63D693</key>
		<dict>
			<key>fileEncoding</key>
			<string>4</string>
			<key>isa</key>
			<string>PBXFileReference</string>
			<key>lastKnownFileType</key>
			<string>sourcecode.swift</string>
			<key>path</key>
			<string>TableViewModelSpec.swift</string>
			<key>sourceTree</key>
			<string>&lt;group&gt;</string>
		</dict>
		<key>264F375757D48441C774290A</key>
		<dict>
			<key>fileRef</key>
			<string>264F39211E2A8BCD7D1464EF</string>
			<key>isa</key>
			<string>PBXBuildFile</string>
		</dict>
		<key>264F387CCFBF7D1B30CFD68A</key>
		<dict>
			<key>fileEncoding</key>
			<string>4</string>
			<key>isa</key>
			<string>PBXFileReference</string>
			<key>lastKnownFileType</key>
			<string>sourcecode.swift</string>
			<key>path</key>
			<string>FeedCell.swift</string>
			<key>sourceTree</key>
			<string>&lt;group&gt;</string>
		</dict>
		<key>264F39211E2A8BCD7D1464EF</key>
		<dict>
			<key>fileEncoding</key>
			<string>4</string>
			<key>isa</key>
			<string>PBXFileReference</string>
			<key>lastKnownFileType</key>
			<string>sourcecode.swift</string>
			<key>path</key>
			<string>AcceptanceSpec.swift</string>
			<key>sourceTree</key>
			<string>&lt;group&gt;</string>
		</dict>
		<key>264F3DBDC59597AE89F3B95B</key>
		<dict>
			<key>fileEncoding</key>
			<string>4</string>
			<key>isa</key>
			<string>PBXFileReference</string>
			<key>lastKnownFileType</key>
			<string>sourcecode.swift</string>
			<key>path</key>
			<string>FeedItem.swift</string>
			<key>sourceTree</key>
			<string>&lt;group&gt;</string>
		</dict>
		<key>264F3DD8869F21DFC87A21F6</key>
		<dict>
			<key>children</key>
			<array>
				<string>3E0CA8A91C91C15A0001CDBD</string>
				<string>264F387CCFBF7D1B30CFD68A</string>
				<string>264F3E9DF715B96D9BE188CB</string>
				<string>3E4122B61C93108700EB1856</string>
				<string>3E4122B81C93113C00EB1856</string>
				<string>3E4122BA1C93139D00EB1856</string>
				<string>264F32C6D766E5F942172539</string>
				<string>3E4122BC1C931AC500EB1856</string>
				<string>3E4A52CF1C95A3D5002E3A76</string>
			</array>
			<key>isa</key>
			<string>PBXGroup</string>
			<key>path</key>
			<string>FeedExample</string>
			<key>sourceTree</key>
			<string>&lt;group&gt;</string>
		</dict>
		<key>264F3DDA68C32C9C85442857</key>
		<dict>
			<key>fileRef</key>
			<string>264F36EFC75BE6598D63D693</string>
			<key>isa</key>
			<string>PBXBuildFile</string>
		</dict>
		<key>264F3DDF3D097E9537F4389C</key>
		<dict>
			<key>fileRef</key>
			<string>264F3E9DF715B96D9BE188CB</string>
			<key>isa</key>
			<string>PBXBuildFile</string>
		</dict>
		<key>264F3E30B0BB88A2B7135425</key>
		<dict>
			<key>fileRef</key>
			<string>264F360A4DB2F6FFD3EA1E6B</string>
			<key>isa</key>
			<string>PBXBuildFile</string>
		</dict>
		<key>264F3E5A0C976C44F0057445</key>
		<dict>
			<key>fileEncoding</key>
			<string>4</string>
			<key>isa</key>
			<string>PBXFileReference</string>
			<key>lastKnownFileType</key>
			<string>sourcecode.swift</string>
			<key>path</key>
			<string>TableSectionSpec.swift</string>
			<key>sourceTree</key>
			<string>&lt;group&gt;</string>
		</dict>
		<key>264F3E9DF715B96D9BE188CB</key>
		<dict>
			<key>fileEncoding</key>
			<string>4</string>
			<key>isa</key>
			<string>PBXFileReference</string>
			<key>lastKnownFileType</key>
			<string>sourcecode.swift</string>
			<key>path</key>
			<string>User.swift</string>
			<key>sourceTree</key>
			<string>&lt;group&gt;</string>
		</dict>
		<key>29B71DF34AAEA71CCCD8FF96</key>
		<dict>
			<key>includeInIndex</key>
			<string>1</string>
			<key>isa</key>
			<string>PBXFileReference</string>
			<key>lastKnownFileType</key>
			<string>text.xcconfig</string>
			<key>name</key>
			<string>Pods-TableViewModel_Example.release.xcconfig</string>
			<key>path</key>
			<string>Pods/Target Support Files/Pods-TableViewModel_Example/Pods-TableViewModel_Example.release.xcconfig</string>
			<key>sourceTree</key>
			<string>&lt;group&gt;</string>
		</dict>
		<key>3922A25F79961226AC900013</key>
		<dict>
			<key>includeInIndex</key>
			<string>1</string>
			<key>isa</key>
			<string>PBXFileReference</string>
			<key>lastKnownFileType</key>
			<string>text</string>
			<key>name</key>
			<string>TableViewModel.podspec</string>
			<key>path</key>
			<string>../TableViewModel.podspec</string>
			<key>sourceTree</key>
			<string>&lt;group&gt;</string>
		</dict>
		<key>3AE21FA63C73278B51D848EC</key>
		<dict>
			<key>buildActionMask</key>
			<string>2147483647</string>
			<key>files</key>
			<array/>
			<key>inputPaths</key>
			<array/>
			<key>isa</key>
			<string>PBXShellScriptBuildPhase</string>
			<key>name</key>
			<string>&#128230; Check Pods Manifest.lock</string>
			<key>outputPaths</key>
			<array/>
			<key>runOnlyForDeploymentPostprocessing</key>
			<string>0</string>
			<key>shellPath</key>
			<string>/bin/sh</string>
			<key>shellScript</key>
			<string>diff "${PODS_ROOT}/../Podfile.lock" "${PODS_ROOT}/Manifest.lock" &gt; /dev/null
if [[ $? != 0 ]] ; then
    cat &lt;&lt; EOM
error: The sandbox is not in sync with the Podfile.lock. Run 'pod install' or update your CocoaPods installation.
EOM
    exit 1
fi
</string>
			<key>showEnvVarsInLog</key>
			<string>0</string>
		</dict>
		<key>3E08DC411BFDD77D003B1840</key>
		<dict>
			<key>fileRef</key>
			<string>3E30D43B1BFCB139000B8E77</string>
			<key>isa</key>
			<string>PBXBuildFile</string>
		</dict>
		<key>3E0CA8A91C91C15A0001CDBD</key>
		<dict>
			<key>fileEncoding</key>
			<string>4</string>
			<key>isa</key>
			<string>PBXFileReference</string>
			<key>lastKnownFileType</key>
			<string>file.xib</string>
			<key>path</key>
			<string>FeedCell.xib</string>
			<key>sourceTree</key>
			<string>&lt;group&gt;</string>
		</dict>
		<key>3E0CA8AA1C91C15A0001CDBD</key>
		<dict>
			<key>fileRef</key>
			<string>3E0CA8A91C91C15A0001CDBD</string>
			<key>isa</key>
			<string>PBXBuildFile</string>
		</dict>
		<key>3E30D43B1BFCB139000B8E77</key>
		<dict>
			<key>fileEncoding</key>
			<string>4</string>
			<key>isa</key>
			<string>PBXFileReference</string>
			<key>lastKnownFileType</key>
			<string>sourcecode.swift</string>
			<key>path</key>
			<string>ViewControllerTestingHelper.swift</string>
			<key>sourceTree</key>
			<string>&lt;group&gt;</string>
		</dict>
		<key>3E30D4471BFCB31B000B8E77</key>
		<dict>
			<key>isa</key>
			<string>PBXFileReference</string>
			<key>lastKnownFileType</key>
			<string>wrapper.framework</string>
			<key>name</key>
			<string>TableViewModel.framework</string>
			<key>path</key>
			<string>Pods/../build/Debug-iphoneos/TableViewModel.framework</string>
			<key>sourceTree</key>
			<string>&lt;group&gt;</string>
		</dict>
		<key>3E30D4481BFCB31B000B8E77</key>
		<dict>
			<key>fileRef</key>
			<string>3E30D4471BFCB31B000B8E77</string>
			<key>isa</key>
			<string>PBXBuildFile</string>
		</dict>
		<key>3E4122B61C93108700EB1856</key>
		<dict>
			<key>fileEncoding</key>
			<string>4</string>
			<key>isa</key>
			<string>PBXFileReference</string>
			<key>lastKnownFileType</key>
			<string>file.xib</string>
			<key>path</key>
			<string>RemovableSectionHeader.xib</string>
			<key>sourceTree</key>
			<string>&lt;group&gt;</string>
		</dict>
		<key>3E4122B71C93108700EB1856</key>
		<dict>
			<key>fileRef</key>
			<string>3E4122B61C93108700EB1856</string>
			<key>isa</key>
			<string>PBXBuildFile</string>
		</dict>
		<key>3E4122B81C93113C00EB1856</key>
		<dict>
			<key>fileEncoding</key>
			<string>4</string>
			<key>isa</key>
			<string>PBXFileReference</string>
			<key>lastKnownFileType</key>
			<string>sourcecode.swift</string>
			<key>path</key>
			<string>RemovableSectionHeader.swift</string>
			<key>sourceTree</key>
			<string>&lt;group&gt;</string>
		</dict>
		<key>3E4122B91C93113C00EB1856</key>
		<dict>
			<key>fileRef</key>
			<string>3E4122B81C93113C00EB1856</string>
			<key>isa</key>
			<string>PBXBuildFile</string>
		</dict>
		<key>3E4122BA1C93139D00EB1856</key>
		<dict>
			<key>fileEncoding</key>
			<string>4</string>
			<key>isa</key>
			<string>PBXFileReference</string>
			<key>lastKnownFileType</key>
			<string>file.xib</string>
			<key>path</key>
			<string>SpacerCell.xib</string>
			<key>sourceTree</key>
			<string>&lt;group&gt;</string>
		</dict>
		<key>3E4122BB1C93139D00EB1856</key>
		<dict>
			<key>fileRef</key>
			<string>3E4122BA1C93139D00EB1856</string>
			<key>isa</key>
			<string>PBXBuildFile</string>
		</dict>
		<key>3E4122BC1C931AC500EB1856</key>
		<dict>
			<key>fileEncoding</key>
			<string>4</string>
			<key>isa</key>
			<string>PBXFileReference</string>
			<key>lastKnownFileType</key>
			<string>file.xib</string>
			<key>path</key>
			<string>GiveFeedbackCell.xib</string>
			<key>sourceTree</key>
			<string>&lt;group&gt;</string>
		</dict>
		<key>3E4122BD1C931AC500EB1856</key>
		<dict>
			<key>fileRef</key>
			<string>3E4122BC1C931AC500EB1856</string>
			<key>isa</key>
			<string>PBXBuildFile</string>
		</dict>
		<key>3E4A52CF1C95A3D5002E3A76</key>
		<dict>
			<key>fileEncoding</key>
			<string>4</string>
			<key>isa</key>
			<string>PBXFileReference</string>
			<key>lastKnownFileType</key>
			<string>file.xib</string>
			<key>path</key>
			<string>RemovableCell.xib</string>
			<key>sourceTree</key>
			<string>&lt;group&gt;</string>
		</dict>
		<key>3E4A52D01C95A3D5002E3A76</key>
		<dict>
			<key>fileRef</key>
			<string>3E4A52CF1C95A3D5002E3A76</string>
			<key>isa</key>
			<string>PBXBuildFile</string>
		</dict>
		<key>3E9D661E1C92E5FB002C1834</key>
		<dict>
			<key>isa</key>
			<string>PBXFileReference</string>
			<key>lastKnownFileType</key>
			<string>folder.assetcatalog</string>
			<key>path</key>
			<string>Images.xcassets</string>
			<key>sourceTree</key>
			<string>&lt;group&gt;</string>
		</dict>
		<key>3E9D661F1C92E5FB002C1834</key>
		<dict>
			<key>fileRef</key>
			<string>3E9D661E1C92E5FB002C1834</string>
			<key>isa</key>
			<string>PBXBuildFile</string>
		</dict>
		<key>3EFE02F01BFF77EB00AF4BF5</key>
		<dict>
			<key>fileEncoding</key>
			<string>4</string>
			<key>isa</key>
			<string>PBXFileReference</string>
			<key>lastKnownFileType</key>
			<string>file.xib</string>
			<key>path</key>
			<string>SampleCell1.xib</string>
			<key>sourceTree</key>
			<string>&lt;group&gt;</string>
		</dict>
		<key>3EFE02F11BFF77EB00AF4BF5</key>
		<dict>
			<key>fileRef</key>
			<string>3EFE02F01BFF77EB00AF4BF5</string>
			<key>isa</key>
			<string>PBXBuildFile</string>
		</dict>
		<key>3EFE02F41BFF90DF00AF4BF5</key>
		<dict>
			<key>fileEncoding</key>
			<string>4</string>
			<key>isa</key>
			<string>PBXFileReference</string>
			<key>lastKnownFileType</key>
			<string>file.xib</string>
			<key>path</key>
			<string>SampleCell2.xib</string>
			<key>sourceTree</key>
			<string>&lt;group&gt;</string>
		</dict>
		<key>3EFE02F61BFF91BB00AF4BF5</key>
		<dict>
			<key>fileRef</key>
			<string>3EFE02F41BFF90DF00AF4BF5</string>
			<key>isa</key>
			<string>PBXBuildFile</string>
		</dict>
		<key>3EFFC5501BFCAA2400B28DDD</key>
		<dict>
			<key>isa</key>
			<string>PBXFileReference</string>
			<key>lastKnownFileType</key>
			<string>wrapper.framework</string>
			<key>name</key>
			<string>Nimble.framework</string>
			<key>path</key>
			<string>Pods/../build/Debug-iphoneos/Nimble.framework</string>
			<key>sourceTree</key>
			<string>&lt;group&gt;</string>
		</dict>
		<key>3EFFC5511BFCAA2400B28DDD</key>
		<dict>
			<key>isa</key>
			<string>PBXFileReference</string>
			<key>lastKnownFileType</key>
			<string>wrapper.framework</string>
			<key>name</key>
			<string>Quick.framework</string>
			<key>path</key>
			<string>Pods/../build/Debug-iphoneos/Quick.framework</string>
			<key>sourceTree</key>
			<string>&lt;group&gt;</string>
		</dict>
		<key>3EFFC5551BFCAAC900B28DDD</key>
		<dict>
			<key>isa</key>
			<string>PBXFileReference</string>
			<key>lastKnownFileType</key>
			<string>wrapper.framework</string>
			<key>name</key>
			<string>Nimble.framework</string>
			<key>path</key>
			<string>Pods/../build/Debug-iphoneos/Nimble.framework</string>
			<key>sourceTree</key>
			<string>&lt;group&gt;</string>
		</dict>
		<key>3EFFC5561BFCAAC900B28DDD</key>
		<dict>
			<key>isa</key>
			<string>PBXFileReference</string>
			<key>lastKnownFileType</key>
			<string>wrapper.framework</string>
			<key>name</key>
			<string>Quick.framework</string>
			<key>path</key>
			<string>Pods/../build/Debug-iphoneos/Quick.framework</string>
			<key>sourceTree</key>
			<string>&lt;group&gt;</string>
		</dict>
		<key>3EFFC5571BFCAAC900B28DDD</key>
		<dict>
			<key>fileRef</key>
			<string>3EFFC5551BFCAAC900B28DDD</string>
			<key>isa</key>
			<string>PBXBuildFile</string>
		</dict>
		<key>3EFFC5581BFCAAC900B28DDD</key>
		<dict>
			<key>fileRef</key>
			<string>3EFFC5561BFCAAC900B28DDD</string>
			<key>isa</key>
			<string>PBXBuildFile</string>
		</dict>
		<key>5CF54BA1CA3E4DC221BBD21C</key>
		<dict>
			<key>buildActionMask</key>
			<string>2147483647</string>
			<key>files</key>
			<array/>
			<key>inputPaths</key>
			<array/>
			<key>isa</key>
			<string>PBXShellScriptBuildPhase</string>
			<key>name</key>
			<string>&#128230; Embed Pods Frameworks</string>
			<key>outputPaths</key>
			<array/>
			<key>runOnlyForDeploymentPostprocessing</key>
			<string>0</string>
			<key>shellPath</key>
			<string>/bin/sh</string>
			<key>shellScript</key>
			<string>"${SRCROOT}/Pods/Target Support Files/Pods-TableViewModel_Example/Pods-TableViewModel_Example-frameworks.sh"
</string>
			<key>showEnvVarsInLog</key>
			<string>0</string>
		</dict>
		<key>607FACC71AFB9204008FA782</key>
		<dict>
			<key>children</key>
			<array>
				<string>607FACF51AFB993E008FA782</string>
				<string>607FACD21AFB9204008FA782</string>
				<string>607FACE81AFB9204008FA782</string>
				<string>607FACD11AFB9204008FA782</string>
				<string>A1BF83856A64CFAE12631B85</string>
				<string>EC79F1CDE46FB0345BD59B5D</string>
			</array>
			<key>isa</key>
			<string>PBXGroup</string>
			<key>sourceTree</key>
			<string>&lt;group&gt;</string>
		</dict>
		<key>607FACC81AFB9204008FA782</key>
		<dict>
			<key>attributes</key>
			<dict>
				<key>LastSwiftUpdateCheck</key>
				<string>0710</string>
				<key>LastUpgradeCheck</key>
				<string>0630</string>
				<key>ORGANIZATIONNAME</key>
				<string>CocoaPods</string>
				<key>TargetAttributes</key>
				<dict>
					<key>607FACCF1AFB9204008FA782</key>
					<dict>
						<key>CreatedOnToolsVersion</key>
						<string>6.3.1</string>
					</dict>
					<key>607FACE41AFB9204008FA782</key>
					<dict>
						<key>CreatedOnToolsVersion</key>
						<string>6.3.1</string>
						<key>TestTargetID</key>
						<string>607FACCF1AFB9204008FA782</string>
					</dict>
				</dict>
			</dict>
			<key>buildConfigurationList</key>
			<string>607FACCB1AFB9204008FA782</string>
			<key>compatibilityVersion</key>
			<string>Xcode 3.2</string>
			<key>developmentRegion</key>
			<string>English</string>
			<key>hasScannedForEncodings</key>
			<string>0</string>
			<key>isa</key>
			<string>PBXProject</string>
			<key>knownRegions</key>
			<array>
				<string>en</string>
				<string>Base</string>
			</array>
			<key>mainGroup</key>
			<string>607FACC71AFB9204008FA782</string>
			<key>productRefGroup</key>
			<string>607FACD11AFB9204008FA782</string>
			<key>projectDirPath</key>
			<string></string>
			<key>projectReferences</key>
			<array/>
			<key>projectRoot</key>
			<string></string>
			<key>targets</key>
			<array>
				<string>607FACCF1AFB9204008FA782</string>
				<string>607FACE41AFB9204008FA782</string>
			</array>
		</dict>
		<key>607FACCB1AFB9204008FA782</key>
		<dict>
			<key>buildConfigurations</key>
			<array>
				<string>607FACED1AFB9204008FA782</string>
				<string>607FACEE1AFB9204008FA782</string>
			</array>
			<key>defaultConfigurationIsVisible</key>
			<string>0</string>
			<key>defaultConfigurationName</key>
			<string>Release</string>
			<key>isa</key>
			<string>XCConfigurationList</string>
		</dict>
		<key>607FACCC1AFB9204008FA782</key>
		<dict>
			<key>buildActionMask</key>
			<string>2147483647</string>
			<key>files</key>
			<array>
				<string>607FACD81AFB9204008FA782</string>
				<string>607FACD61AFB9204008FA782</string>
				<string>264F36A99FA3D2F61C344154</string>
				<string>264F3DDF3D097E9537F4389C</string>
				<string>3E4122B91C93113C00EB1856</string>
				<string>264F36DF213414BC4AAC1363</string>
			</array>
			<key>isa</key>
			<string>PBXSourcesBuildPhase</string>
			<key>runOnlyForDeploymentPostprocessing</key>
			<string>0</string>
		</dict>
		<key>607FACCD1AFB9204008FA782</key>
		<dict>
			<key>buildActionMask</key>
			<string>2147483647</string>
			<key>files</key>
			<array>
				<string>3E30D4481BFCB31B000B8E77</string>
				<string>AA410A5BD043229AB6B07C2D</string>
			</array>
			<key>isa</key>
			<string>PBXFrameworksBuildPhase</string>
			<key>runOnlyForDeploymentPostprocessing</key>
			<string>0</string>
		</dict>
		<key>607FACCE1AFB9204008FA782</key>
		<dict>
			<key>buildActionMask</key>
			<string>2147483647</string>
			<key>files</key>
			<array>
				<string>607FACDB1AFB9204008FA782</string>
				<string>3E9D661F1C92E5FB002C1834</string>
				<string>3E0CA8AA1C91C15A0001CDBD</string>
				<string>3E4122B71C93108700EB1856</string>
				<string>607FACE01AFB9204008FA782</string>
				<string>3E4122BD1C931AC500EB1856</string>
				<string>3E4A52D01C95A3D5002E3A76</string>
				<string>3E4122BB1C93139D00EB1856</string>
			</array>
			<key>isa</key>
			<string>PBXResourcesBuildPhase</string>
			<key>runOnlyForDeploymentPostprocessing</key>
			<string>0</string>
		</dict>
		<key>607FACCF1AFB9204008FA782</key>
		<dict>
			<key>buildConfigurationList</key>
			<string>607FACEF1AFB9204008FA782</string>
			<key>buildPhases</key>
			<array>
				<string>3AE21FA63C73278B51D848EC</string>
				<string>607FACCC1AFB9204008FA782</string>
				<string>607FACCD1AFB9204008FA782</string>
				<string>607FACCE1AFB9204008FA782</string>
				<string>5CF54BA1CA3E4DC221BBD21C</string>
				<string>98E8B75A5915511B1F7F8298</string>
				<string>D2363FC279EF22F8B29BA6E7</string>
			</array>
			<key>buildRules</key>
			<array/>
			<key>dependencies</key>
			<array/>
			<key>isa</key>
			<string>PBXNativeTarget</string>
			<key>name</key>
			<string>TableViewModel_Example</string>
			<key>productName</key>
			<string>TableViewModel</string>
			<key>productReference</key>
			<string>607FACD01AFB9204008FA782</string>
			<key>productType</key>
			<string>com.apple.product-type.application</string>
		</dict>
		<key>607FACD01AFB9204008FA782</key>
		<dict>
			<key>explicitFileType</key>
			<string>wrapper.application</string>
			<key>includeInIndex</key>
			<string>0</string>
			<key>isa</key>
			<string>PBXFileReference</string>
			<key>path</key>
			<string>TableViewModel_Example.app</string>
			<key>sourceTree</key>
			<string>BUILT_PRODUCTS_DIR</string>
		</dict>
		<key>607FACD11AFB9204008FA782</key>
		<dict>
			<key>children</key>
			<array>
				<string>607FACD01AFB9204008FA782</string>
				<string>607FACE51AFB9204008FA782</string>
			</array>
			<key>isa</key>
			<string>PBXGroup</string>
			<key>name</key>
			<string>Products</string>
			<key>sourceTree</key>
			<string>&lt;group&gt;</string>
		</dict>
		<key>607FACD21AFB9204008FA782</key>
		<dict>
			<key>children</key>
			<array>
				<string>3E9D661E1C92E5FB002C1834</string>
				<string>607FACD51AFB9204008FA782</string>
				<string>607FACD71AFB9204008FA782</string>
				<string>607FACD91AFB9204008FA782</string>
				<string>607FACDE1AFB9204008FA782</string>
				<string>607FACD31AFB9204008FA782</string>
				<string>264F3DD8869F21DFC87A21F6</string>
			</array>
			<key>isa</key>
			<string>PBXGroup</string>
			<key>name</key>
			<string>Example for TableViewModel</string>
			<key>path</key>
			<string>TableViewModel</string>
			<key>sourceTree</key>
			<string>&lt;group&gt;</string>
		</dict>
		<key>607FACD31AFB9204008FA782</key>
		<dict>
			<key>children</key>
			<array>
				<string>607FACD41AFB9204008FA782</string>
			</array>
			<key>isa</key>
			<string>PBXGroup</string>
			<key>name</key>
			<string>Supporting Files</string>
			<key>sourceTree</key>
			<string>&lt;group&gt;</string>
		</dict>
		<key>607FACD41AFB9204008FA782</key>
		<dict>
			<key>isa</key>
			<string>PBXFileReference</string>
			<key>lastKnownFileType</key>
			<string>text.plist.xml</string>
			<key>path</key>
			<string>Info.plist</string>
			<key>sourceTree</key>
			<string>&lt;group&gt;</string>
		</dict>
		<key>607FACD51AFB9204008FA782</key>
		<dict>
			<key>isa</key>
			<string>PBXFileReference</string>
			<key>lastKnownFileType</key>
			<string>sourcecode.swift</string>
			<key>path</key>
			<string>AppDelegate.swift</string>
			<key>sourceTree</key>
			<string>&lt;group&gt;</string>
		</dict>
		<key>607FACD61AFB9204008FA782</key>
		<dict>
			<key>fileRef</key>
			<string>607FACD51AFB9204008FA782</string>
			<key>isa</key>
			<string>PBXBuildFile</string>
		</dict>
		<key>607FACD71AFB9204008FA782</key>
		<dict>
			<key>isa</key>
			<string>PBXFileReference</string>
			<key>lastKnownFileType</key>
			<string>sourcecode.swift</string>
			<key>path</key>
			<string>ViewController.swift</string>
			<key>sourceTree</key>
			<string>&lt;group&gt;</string>
		</dict>
		<key>607FACD81AFB9204008FA782</key>
		<dict>
			<key>fileRef</key>
			<string>607FACD71AFB9204008FA782</string>
			<key>isa</key>
			<string>PBXBuildFile</string>
		</dict>
		<key>607FACD91AFB9204008FA782</key>
		<dict>
			<key>children</key>
			<array>
				<string>607FACDA1AFB9204008FA782</string>
			</array>
			<key>isa</key>
			<string>PBXVariantGroup</string>
			<key>name</key>
			<string>Main.storyboard</string>
			<key>sourceTree</key>
			<string>&lt;group&gt;</string>
		</dict>
		<key>607FACDA1AFB9204008FA782</key>
		<dict>
			<key>isa</key>
			<string>PBXFileReference</string>
			<key>lastKnownFileType</key>
			<string>file.storyboard</string>
			<key>name</key>
			<string>Base</string>
			<key>path</key>
			<string>Base.lproj/Main.storyboard</string>
			<key>sourceTree</key>
			<string>&lt;group&gt;</string>
		</dict>
		<key>607FACDB1AFB9204008FA782</key>
		<dict>
			<key>fileRef</key>
			<string>607FACD91AFB9204008FA782</string>
			<key>isa</key>
			<string>PBXBuildFile</string>
		</dict>
		<key>607FACDE1AFB9204008FA782</key>
		<dict>
			<key>children</key>
			<array>
				<string>607FACDF1AFB9204008FA782</string>
			</array>
			<key>isa</key>
			<string>PBXVariantGroup</string>
			<key>name</key>
			<string>LaunchScreen.xib</string>
			<key>sourceTree</key>
			<string>&lt;group&gt;</string>
		</dict>
		<key>607FACDF1AFB9204008FA782</key>
		<dict>
			<key>isa</key>
			<string>PBXFileReference</string>
			<key>lastKnownFileType</key>
			<string>file.xib</string>
			<key>name</key>
			<string>Base</string>
			<key>path</key>
			<string>Base.lproj/LaunchScreen.xib</string>
			<key>sourceTree</key>
			<string>&lt;group&gt;</string>
		</dict>
		<key>607FACE01AFB9204008FA782</key>
		<dict>
			<key>fileRef</key>
			<string>607FACDE1AFB9204008FA782</string>
			<key>isa</key>
			<string>PBXBuildFile</string>
		</dict>
		<key>607FACE11AFB9204008FA782</key>
		<dict>
			<key>buildActionMask</key>
			<string>2147483647</string>
			<key>files</key>
			<array>
				<string>3E08DC411BFDD77D003B1840</string>
				<string>264F375757D48441C774290A</string>
				<string>264F3E30B0BB88A2B7135425</string>
				<string>264F32E522D6E32A8E39B5FA</string>
				<string>264F344FC048177F06DA99D1</string>
				<string>264F3DDA68C32C9C85442857</string>
			</array>
			<key>isa</key>
			<string>PBXSourcesBuildPhase</string>
			<key>runOnlyForDeploymentPostprocessing</key>
			<string>0</string>
		</dict>
		<key>607FACE21AFB9204008FA782</key>
		<dict>
			<key>buildActionMask</key>
			<string>2147483647</string>
			<key>files</key>
			<array>
				<string>3EFFC5571BFCAAC900B28DDD</string>
				<string>3EFFC5581BFCAAC900B28DDD</string>
				<string>D3DA9D85622D37220F8918BE</string>
			</array>
			<key>isa</key>
			<string>PBXFrameworksBuildPhase</string>
			<key>runOnlyForDeploymentPostprocessing</key>
			<string>0</string>
		</dict>
		<key>607FACE31AFB9204008FA782</key>
		<dict>
			<key>buildActionMask</key>
			<string>2147483647</string>
			<key>files</key>
			<array>
				<string>3EFE02F61BFF91BB00AF4BF5</string>
				<string>3EFE02F11BFF77EB00AF4BF5</string>
			</array>
			<key>isa</key>
			<string>PBXResourcesBuildPhase</string>
			<key>runOnlyForDeploymentPostprocessing</key>
			<string>0</string>
		</dict>
		<key>607FACE41AFB9204008FA782</key>
		<dict>
			<key>buildConfigurationList</key>
			<string>607FACF21AFB9204008FA782</string>
			<key>buildPhases</key>
			<array>
				<string>EECC9D9159C00E8F48C7B989</string>
				<string>607FACE11AFB9204008FA782</string>
				<string>607FACE21AFB9204008FA782</string>
				<string>607FACE31AFB9204008FA782</string>
				<string>10F907CCCE0D76A3AB719BDE</string>
				<string>B972580E11B3DB0842FCEDF4</string>
				<string>DE69278A82FCD608278D8132</string>
			</array>
			<key>buildRules</key>
			<array/>
			<key>dependencies</key>
			<array>
				<string>607FACE71AFB9204008FA782</string>
			</array>
			<key>isa</key>
			<string>PBXNativeTarget</string>
			<key>name</key>
			<string>TableViewModel_Tests</string>
			<key>productName</key>
			<string>Tests</string>
			<key>productReference</key>
			<string>607FACE51AFB9204008FA782</string>
			<key>productType</key>
			<string>com.apple.product-type.bundle.unit-test</string>
		</dict>
		<key>607FACE51AFB9204008FA782</key>
		<dict>
			<key>explicitFileType</key>
			<string>wrapper.cfbundle</string>
			<key>includeInIndex</key>
			<string>0</string>
			<key>isa</key>
			<string>PBXFileReference</string>
			<key>path</key>
			<string>TableViewModel_Tests.xctest</string>
			<key>sourceTree</key>
			<string>BUILT_PRODUCTS_DIR</string>
		</dict>
		<key>607FACE61AFB9204008FA782</key>
		<dict>
			<key>containerPortal</key>
			<string>607FACC81AFB9204008FA782</string>
			<key>isa</key>
			<string>PBXContainerItemProxy</string>
			<key>proxyType</key>
			<string>1</string>
			<key>remoteGlobalIDString</key>
			<string>607FACCF1AFB9204008FA782</string>
			<key>remoteInfo</key>
			<string>TableViewModel</string>
		</dict>
		<key>607FACE71AFB9204008FA782</key>
		<dict>
			<key>isa</key>
			<string>PBXTargetDependency</string>
			<key>target</key>
			<string>607FACCF1AFB9204008FA782</string>
			<key>targetProxy</key>
			<string>607FACE61AFB9204008FA782</string>
		</dict>
		<key>607FACE81AFB9204008FA782</key>
		<dict>
			<key>children</key>
			<array>
				<string>607FACE91AFB9204008FA782</string>
				<string>3E30D43B1BFCB139000B8E77</string>
				<string>264F39211E2A8BCD7D1464EF</string>
				<string>3EFE02F01BFF77EB00AF4BF5</string>
				<string>264F360A4DB2F6FFD3EA1E6B</string>
				<string>3EFE02F41BFF90DF00AF4BF5</string>
				<string>264F3255B1BDE9CEDF384C0B</string>
				<string>264F3E5A0C976C44F0057445</string>
				<string>264F36EFC75BE6598D63D693</string>
			</array>
			<key>isa</key>
			<string>PBXGroup</string>
			<key>path</key>
			<string>Tests</string>
			<key>sourceTree</key>
			<string>&lt;group&gt;</string>
		</dict>
		<key>607FACE91AFB9204008FA782</key>
		<dict>
			<key>children</key>
			<array>
				<string>607FACEA1AFB9204008FA782</string>
			</array>
			<key>isa</key>
			<string>PBXGroup</string>
			<key>name</key>
			<string>Supporting Files</string>
			<key>sourceTree</key>
			<string>&lt;group&gt;</string>
		</dict>
		<key>607FACEA1AFB9204008FA782</key>
		<dict>
			<key>isa</key>
			<string>PBXFileReference</string>
			<key>lastKnownFileType</key>
			<string>text.plist.xml</string>
			<key>path</key>
			<string>Info.plist</string>
			<key>sourceTree</key>
			<string>&lt;group&gt;</string>
		</dict>
		<key>607FACED1AFB9204008FA782</key>
		<dict>
			<key>buildSettings</key>
			<dict>
				<key>ALWAYS_SEARCH_USER_PATHS</key>
				<string>NO</string>
				<key>CLANG_CXX_LANGUAGE_STANDARD</key>
				<string>gnu++0x</string>
				<key>CLANG_CXX_LIBRARY</key>
				<string>libc++</string>
				<key>CLANG_ENABLE_MODULES</key>
				<string>YES</string>
				<key>CLANG_ENABLE_OBJC_ARC</key>
				<string>YES</string>
				<key>CLANG_WARN_BOOL_CONVERSION</key>
				<string>YES</string>
				<key>CLANG_WARN_CONSTANT_CONVERSION</key>
				<string>YES</string>
				<key>CLANG_WARN_DIRECT_OBJC_ISA_USAGE</key>
				<string>YES_ERROR</string>
				<key>CLANG_WARN_EMPTY_BODY</key>
				<string>YES</string>
				<key>CLANG_WARN_ENUM_CONVERSION</key>
				<string>YES</string>
				<key>CLANG_WARN_INT_CONVERSION</key>
				<string>YES</string>
				<key>CLANG_WARN_OBJC_ROOT_CLASS</key>
				<string>YES_ERROR</string>
				<key>CLANG_WARN_UNREACHABLE_CODE</key>
				<string>YES</string>
				<key>CLANG_WARN__DUPLICATE_METHOD_MATCH</key>
				<string>YES</string>
				<key>CODE_SIGN_IDENTITY[sdk=iphoneos*]</key>
				<string>iPhone Developer</string>
				<key>COPY_PHASE_STRIP</key>
				<string>NO</string>
				<key>DEBUG_INFORMATION_FORMAT</key>
				<string>dwarf-with-dsym</string>
				<key>ENABLE_STRICT_OBJC_MSGSEND</key>
				<string>YES</string>
				<key>GCC_C_LANGUAGE_STANDARD</key>
				<string>gnu99</string>
				<key>GCC_DYNAMIC_NO_PIC</key>
				<string>NO</string>
				<key>GCC_GENERATE_DEBUGGING_SYMBOLS</key>
				<string>YES</string>
				<key>GCC_NO_COMMON_BLOCKS</key>
				<string>YES</string>
				<key>GCC_OPTIMIZATION_LEVEL</key>
				<string>0</string>
				<key>GCC_PREPROCESSOR_DEFINITIONS</key>
				<array>
					<string>DEBUG=1</string>
					<string>$(inherited)</string>
				</array>
				<key>GCC_SYMBOLS_PRIVATE_EXTERN</key>
				<string>NO</string>
				<key>GCC_WARN_64_TO_32_BIT_CONVERSION</key>
				<string>YES</string>
				<key>GCC_WARN_ABOUT_RETURN_TYPE</key>
				<string>YES_ERROR</string>
				<key>GCC_WARN_UNDECLARED_SELECTOR</key>
				<string>YES</string>
				<key>GCC_WARN_UNINITIALIZED_AUTOS</key>
				<string>YES_AGGRESSIVE</string>
				<key>GCC_WARN_UNUSED_FUNCTION</key>
				<string>YES</string>
				<key>GCC_WARN_UNUSED_VARIABLE</key>
				<string>YES</string>
				<key>IPHONEOS_DEPLOYMENT_TARGET</key>
				<string>8.3</string>
				<key>MTL_ENABLE_DEBUG_INFO</key>
				<string>YES</string>
				<key>ONLY_ACTIVE_ARCH</key>
				<string>YES</string>
				<key>SDKROOT</key>
				<string>iphoneos</string>
				<key>SWIFT_OPTIMIZATION_LEVEL</key>
				<string>-Onone</string>
			</dict>
			<key>isa</key>
			<string>XCBuildConfiguration</string>
			<key>name</key>
			<string>Debug</string>
		</dict>
		<key>607FACEE1AFB9204008FA782</key>
		<dict>
			<key>buildSettings</key>
			<dict>
				<key>ALWAYS_SEARCH_USER_PATHS</key>
				<string>NO</string>
				<key>CLANG_CXX_LANGUAGE_STANDARD</key>
				<string>gnu++0x</string>
				<key>CLANG_CXX_LIBRARY</key>
				<string>libc++</string>
				<key>CLANG_ENABLE_MODULES</key>
				<string>YES</string>
				<key>CLANG_ENABLE_OBJC_ARC</key>
				<string>YES</string>
				<key>CLANG_WARN_BOOL_CONVERSION</key>
				<string>YES</string>
				<key>CLANG_WARN_CONSTANT_CONVERSION</key>
				<string>YES</string>
				<key>CLANG_WARN_DIRECT_OBJC_ISA_USAGE</key>
				<string>YES_ERROR</string>
				<key>CLANG_WARN_EMPTY_BODY</key>
				<string>YES</string>
				<key>CLANG_WARN_ENUM_CONVERSION</key>
				<string>YES</string>
				<key>CLANG_WARN_INT_CONVERSION</key>
				<string>YES</string>
				<key>CLANG_WARN_OBJC_ROOT_CLASS</key>
				<string>YES_ERROR</string>
				<key>CLANG_WARN_UNREACHABLE_CODE</key>
				<string>YES</string>
				<key>CLANG_WARN__DUPLICATE_METHOD_MATCH</key>
				<string>YES</string>
				<key>CODE_SIGN_IDENTITY[sdk=iphoneos*]</key>
				<string>iPhone Developer</string>
				<key>COPY_PHASE_STRIP</key>
				<string>NO</string>
				<key>DEBUG_INFORMATION_FORMAT</key>
				<string>dwarf-with-dsym</string>
				<key>ENABLE_NS_ASSERTIONS</key>
				<string>NO</string>
				<key>ENABLE_STRICT_OBJC_MSGSEND</key>
				<string>YES</string>
				<key>GCC_C_LANGUAGE_STANDARD</key>
				<string>gnu99</string>
				<key>GCC_GENERATE_DEBUGGING_SYMBOLS</key>
				<string>YES</string>
				<key>GCC_NO_COMMON_BLOCKS</key>
				<string>YES</string>
				<key>GCC_WARN_64_TO_32_BIT_CONVERSION</key>
				<string>YES</string>
				<key>GCC_WARN_ABOUT_RETURN_TYPE</key>
				<string>YES_ERROR</string>
				<key>GCC_WARN_UNDECLARED_SELECTOR</key>
				<string>YES</string>
				<key>GCC_WARN_UNINITIALIZED_AUTOS</key>
				<string>YES_AGGRESSIVE</string>
				<key>GCC_WARN_UNUSED_FUNCTION</key>
				<string>YES</string>
				<key>GCC_WARN_UNUSED_VARIABLE</key>
				<string>YES</string>
				<key>IPHONEOS_DEPLOYMENT_TARGET</key>
				<string>8.3</string>
				<key>MTL_ENABLE_DEBUG_INFO</key>
				<string>NO</string>
				<key>SDKROOT</key>
				<string>iphoneos</string>
				<key>VALIDATE_PRODUCT</key>
				<string>YES</string>
			</dict>
			<key>isa</key>
			<string>XCBuildConfiguration</string>
			<key>name</key>
			<string>Release</string>
		</dict>
		<key>607FACEF1AFB9204008FA782</key>
		<dict>
			<key>buildConfigurations</key>
			<array>
				<string>607FACF01AFB9204008FA782</string>
				<string>607FACF11AFB9204008FA782</string>
			</array>
			<key>defaultConfigurationIsVisible</key>
			<string>0</string>
			<key>defaultConfigurationName</key>
			<string>Release</string>
			<key>isa</key>
			<string>XCConfigurationList</string>
		</dict>
		<key>607FACF01AFB9204008FA782</key>
		<dict>
			<key>baseConfigurationReference</key>
			<string>B80C03D0CB52FC8498306C12</string>
			<key>buildSettings</key>
			<dict>
				<key>ASSETCATALOG_COMPILER_APPICON_NAME</key>
				<string>AppIcon</string>
				<key>FRAMEWORK_SEARCH_PATHS</key>
				<array>
					<string>$(inherited)</string>
					<string>$(PROJECT_DIR)/build/Debug-iphoneos</string>
				</array>
				<key>INFOPLIST_FILE</key>
				<string>TableViewModel/Info.plist</string>
				<key>IPHONEOS_DEPLOYMENT_TARGET</key>
				<string>9.0</string>
				<key>LD_RUNPATH_SEARCH_PATHS</key>
				<string>$(inherited) @executable_path/Frameworks</string>
				<key>MODULE_NAME</key>
				<string>ExampleApp</string>
				<key>PRODUCT_NAME</key>
				<string>$(TARGET_NAME)</string>
			</dict>
			<key>isa</key>
			<string>XCBuildConfiguration</string>
			<key>name</key>
			<string>Debug</string>
		</dict>
		<key>607FACF11AFB9204008FA782</key>
		<dict>
			<key>baseConfigurationReference</key>
			<string>29B71DF34AAEA71CCCD8FF96</string>
			<key>buildSettings</key>
			<dict>
				<key>ASSETCATALOG_COMPILER_APPICON_NAME</key>
				<string>AppIcon</string>
				<key>FRAMEWORK_SEARCH_PATHS</key>
				<array>
					<string>$(inherited)</string>
					<string>$(PROJECT_DIR)/build/Debug-iphoneos</string>
				</array>
				<key>INFOPLIST_FILE</key>
				<string>TableViewModel/Info.plist</string>
				<key>IPHONEOS_DEPLOYMENT_TARGET</key>
				<string>9.0</string>
				<key>LD_RUNPATH_SEARCH_PATHS</key>
				<string>$(inherited) @executable_path/Frameworks</string>
				<key>MODULE_NAME</key>
				<string>ExampleApp</string>
				<key>PRODUCT_NAME</key>
				<string>$(TARGET_NAME)</string>
			</dict>
			<key>isa</key>
			<string>XCBuildConfiguration</string>
			<key>name</key>
			<string>Release</string>
		</dict>
		<key>607FACF21AFB9204008FA782</key>
		<dict>
			<key>buildConfigurations</key>
			<array>
				<string>607FACF31AFB9204008FA782</string>
				<string>607FACF41AFB9204008FA782</string>
			</array>
			<key>defaultConfigurationIsVisible</key>
			<string>0</string>
			<key>defaultConfigurationName</key>
			<string>Release</string>
			<key>isa</key>
			<string>XCConfigurationList</string>
		</dict>
		<key>607FACF31AFB9204008FA782</key>
		<dict>
			<key>baseConfigurationReference</key>
			<string>C298377E30E69F8300410545</string>
			<key>buildSettings</key>
			<dict>
				<key>BUNDLE_LOADER</key>
				<string>$(TEST_HOST)</string>
				<key>FRAMEWORK_SEARCH_PATHS</key>
				<array>
					<string>$(SDKROOT)/Developer/Library/Frameworks</string>
					<string>$(inherited)</string>
					<string>$(PROJECT_DIR)/build/Debug-iphoneos</string>
				</array>
				<key>GCC_PREPROCESSOR_DEFINITIONS</key>
				<array>
					<string>DEBUG=1</string>
					<string>$(inherited)</string>
				</array>
				<key>INFOPLIST_FILE</key>
				<string>Tests/Info.plist</string>
				<key>IPHONEOS_DEPLOYMENT_TARGET</key>
				<string>9.0</string>
				<key>LD_RUNPATH_SEARCH_PATHS</key>
				<string>$(inherited) @executable_path/Frameworks @loader_path/Frameworks</string>
				<key>PRODUCT_NAME</key>
				<string>$(TARGET_NAME)</string>
				<key>TEST_HOST</key>
				<string>$(BUILT_PRODUCTS_DIR)/TableViewModel_Example.app/TableViewModel_Example</string>
			</dict>
			<key>isa</key>
			<string>XCBuildConfiguration</string>
			<key>name</key>
			<string>Debug</string>
		</dict>
		<key>607FACF41AFB9204008FA782</key>
		<dict>
			<key>baseConfigurationReference</key>
			<string>772CBACA19430655B3C29DEF</string>
			<key>buildSettings</key>
			<dict>
				<key>BUNDLE_LOADER</key>
				<string>$(TEST_HOST)</string>
				<key>FRAMEWORK_SEARCH_PATHS</key>
				<array>
					<string>$(SDKROOT)/Developer/Library/Frameworks</string>
					<string>$(inherited)</string>
					<string>$(PROJECT_DIR)/build/Debug-iphoneos</string>
				</array>
				<key>INFOPLIST_FILE</key>
				<string>Tests/Info.plist</string>
				<key>IPHONEOS_DEPLOYMENT_TARGET</key>
				<string>9.0</string>
				<key>LD_RUNPATH_SEARCH_PATHS</key>
				<string>$(inherited) @executable_path/Frameworks @loader_path/Frameworks</string>
				<key>PRODUCT_NAME</key>
				<string>$(TARGET_NAME)</string>
				<key>TEST_HOST</key>
				<string>$(BUILT_PRODUCTS_DIR)/TableViewModel_Example.app/TableViewModel_Example</string>
			</dict>
			<key>isa</key>
			<string>XCBuildConfiguration</string>
			<key>name</key>
			<string>Release</string>
		</dict>
		<key>607FACF51AFB993E008FA782</key>
		<dict>
			<key>children</key>
			<array>
				<string>3922A25F79961226AC900013</string>
				<string>FC9680AF3A388F406FAB8408</string>
				<string>94117341E77B6C36C6A13D76</string>
			</array>
			<key>isa</key>
			<string>PBXGroup</string>
			<key>name</key>
			<string>Podspec Metadata</string>
			<key>sourceTree</key>
			<string>&lt;group&gt;</string>
		</dict>
		<key>772CBACA19430655B3C29DEF</key>
		<dict>
			<key>includeInIndex</key>
			<string>1</string>
			<key>isa</key>
			<string>PBXFileReference</string>
			<key>lastKnownFileType</key>
			<string>text.xcconfig</string>
			<key>name</key>
			<string>Pods-TableViewModel_Tests.release.xcconfig</string>
			<key>path</key>
			<string>Pods/Target Support Files/Pods-TableViewModel_Tests/Pods-TableViewModel_Tests.release.xcconfig</string>
			<key>sourceTree</key>
			<string>&lt;group&gt;</string>
		</dict>
		<key>94117341E77B6C36C6A13D76</key>
		<dict>
			<key>includeInIndex</key>
			<string>1</string>
			<key>isa</key>
			<string>PBXFileReference</string>
			<key>lastKnownFileType</key>
			<string>text</string>
			<key>name</key>
			<string>LICENSE</string>
			<key>path</key>
			<string>../LICENSE</string>
			<key>sourceTree</key>
			<string>&lt;group&gt;</string>
		</dict>
		<key>98E8B75A5915511B1F7F8298</key>
		<dict>
			<key>buildActionMask</key>
			<string>2147483647</string>
			<key>files</key>
			<array/>
			<key>inputPaths</key>
			<array/>
			<key>isa</key>
			<string>PBXShellScriptBuildPhase</string>
			<key>name</key>
			<string>&#128230; Copy Pods Resources</string>
			<key>outputPaths</key>
			<array/>
			<key>runOnlyForDeploymentPostprocessing</key>
			<string>0</string>
			<key>shellPath</key>
			<string>/bin/sh</string>
			<key>shellScript</key>
			<string>"${SRCROOT}/Pods/Target Support Files/Pods-TableViewModel_Example/Pods-TableViewModel_Example-resources.sh"
</string>
			<key>showEnvVarsInLog</key>
			<string>0</string>
		</dict>
		<key>A1BF83856A64CFAE12631B85</key>
		<dict>
			<key>children</key>
			<array>
				<string>3E30D4471BFCB31B000B8E77</string>
				<string>3EFFC5551BFCAAC900B28DDD</string>
				<string>3EFFC5561BFCAAC900B28DDD</string>
				<string>3EFFC5501BFCAA2400B28DDD</string>
				<string>3EFFC5511BFCAA2400B28DDD</string>
				<string>FBCAE6C3894F7A79412D48EB</string>
				<string>042916080E920DB34D6C2218</string>
			</array>
			<key>isa</key>
			<string>PBXGroup</string>
			<key>name</key>
			<string>Frameworks</string>
			<key>sourceTree</key>
			<string>&lt;group&gt;</string>
		</dict>
		<key>AA410A5BD043229AB6B07C2D</key>
		<dict>
			<key>fileRef</key>
			<string>FBCAE6C3894F7A79412D48EB</string>
			<key>isa</key>
			<string>PBXBuildFile</string>
		</dict>
		<key>B80C03D0CB52FC8498306C12</key>
		<dict>
			<key>includeInIndex</key>
			<string>1</string>
			<key>isa</key>
			<string>PBXFileReference</string>
			<key>lastKnownFileType</key>
			<string>text.xcconfig</string>
			<key>name</key>
			<string>Pods-TableViewModel_Example.debug.xcconfig</string>
			<key>path</key>
			<string>Pods/Target Support Files/Pods-TableViewModel_Example/Pods-TableViewModel_Example.debug.xcconfig</string>
			<key>sourceTree</key>
			<string>&lt;group&gt;</string>
		</dict>
		<key>B972580E11B3DB0842FCEDF4</key>
		<dict>
			<key>buildActionMask</key>
			<string>2147483647</string>
			<key>files</key>
			<array/>
			<key>inputPaths</key>
			<array/>
			<key>isa</key>
			<string>PBXShellScriptBuildPhase</string>
			<key>name</key>
			<string>&#128230; Copy Pods Resources</string>
			<key>outputPaths</key>
			<array/>
			<key>runOnlyForDeploymentPostprocessing</key>
			<string>0</string>
			<key>shellPath</key>
			<string>/bin/sh</string>
			<key>shellScript</key>
			<string>"${SRCROOT}/Pods/Target Support Files/Pods-TableViewModel_Tests/Pods-TableViewModel_Tests-resources.sh"
</string>
			<key>showEnvVarsInLog</key>
			<string>0</string>
		</dict>
		<key>C298377E30E69F8300410545</key>
		<dict>
			<key>includeInIndex</key>
			<string>1</string>
			<key>isa</key>
			<string>PBXFileReference</string>
			<key>lastKnownFileType</key>
			<string>text.xcconfig</string>
			<key>name</key>
			<string>Pods-TableViewModel_Tests.debug.xcconfig</string>
			<key>path</key>
			<string>Pods/Target Support Files/Pods-TableViewModel_Tests/Pods-TableViewModel_Tests.debug.xcconfig</string>
			<key>sourceTree</key>
			<string>&lt;group&gt;</string>
		</dict>
		<key>D2363FC279EF22F8B29BA6E7</key>
		<dict>
			<key>buildActionMask</key>
			<string>2147483647</string>
			<key>files</key>
			<array/>
			<key>inputPaths</key>
			<array/>
			<key>isa</key>
			<string>PBXShellScriptBuildPhase</string>
			<key>name</key>
			<string>Embed Pods Frameworks</string>
			<key>outputPaths</key>
			<array/>
			<key>runOnlyForDeploymentPostprocessing</key>
			<string>0</string>
			<key>shellPath</key>
			<string>/bin/sh</string>
			<key>shellScript</key>
			<string>"${SRCROOT}/Pods/Target Support Files/Pods-TableViewModel_Example/Pods-TableViewModel_Example-frameworks.sh"
</string>
			<key>showEnvVarsInLog</key>
			<string>0</string>
		</dict>
		<key>D3DA9D85622D37220F8918BE</key>
		<dict>
			<key>fileRef</key>
			<string>042916080E920DB34D6C2218</string>
			<key>isa</key>
			<string>PBXBuildFile</string>
		</dict>
		<key>DE69278A82FCD608278D8132</key>
		<dict>
			<key>buildActionMask</key>
			<string>2147483647</string>
			<key>files</key>
			<array/>
			<key>inputPaths</key>
			<array/>
			<key>isa</key>
			<string>PBXShellScriptBuildPhase</string>
			<key>name</key>
			<string>Embed Pods Frameworks</string>
			<key>outputPaths</key>
			<array/>
			<key>runOnlyForDeploymentPostprocessing</key>
			<string>0</string>
			<key>shellPath</key>
			<string>/bin/sh</string>
			<key>shellScript</key>
			<string>"${SRCROOT}/Pods/Target Support Files/Pods-TableViewModel_Tests/Pods-TableViewModel_Tests-frameworks.sh"
</string>
			<key>showEnvVarsInLog</key>
			<string>0</string>
		</dict>
		<key>EC79F1CDE46FB0345BD59B5D</key>
		<dict>
			<key>children</key>
			<array>
				<string>B80C03D0CB52FC8498306C12</string>
				<string>29B71DF34AAEA71CCCD8FF96</string>
				<string>C298377E30E69F8300410545</string>
				<string>772CBACA19430655B3C29DEF</string>
			</array>
			<key>isa</key>
			<string>PBXGroup</string>
			<key>name</key>
			<string>Pods</string>
			<key>sourceTree</key>
			<string>&lt;group&gt;</string>
		</dict>
		<key>EECC9D9159C00E8F48C7B989</key>
		<dict>
			<key>buildActionMask</key>
			<string>2147483647</string>
			<key>files</key>
			<array/>
			<key>inputPaths</key>
			<array/>
			<key>isa</key>
			<string>PBXShellScriptBuildPhase</string>
			<key>name</key>
			<string>&#128230; Check Pods Manifest.lock</string>
			<key>outputPaths</key>
			<array/>
			<key>runOnlyForDeploymentPostprocessing</key>
			<string>0</string>
			<key>shellPath</key>
			<string>/bin/sh</string>
			<key>shellScript</key>
			<string>diff "${PODS_ROOT}/../Podfile.lock" "${PODS_ROOT}/Manifest.lock" &gt; /dev/null
if [[ $? != 0 ]] ; then
    cat &lt;&lt; EOM
error: The sandbox is not in sync with the Podfile.lock. Run 'pod install' or update your CocoaPods installation.
EOM
    exit 1
fi
</string>
			<key>showEnvVarsInLog</key>
			<string>0</string>
		</dict>
		<key>FBCAE6C3894F7A79412D48EB</key>
		<dict>
			<key>explicitFileType</key>
			<string>wrapper.framework</string>
			<key>includeInIndex</key>
			<string>0</string>
			<key>isa</key>
			<string>PBXFileReference</string>
			<key>path</key>
			<string>Pods_TableViewModel_Example.framework</string>
			<key>sourceTree</key>
			<string>BUILT_PRODUCTS_DIR</string>
		</dict>
		<key>FC9680AF3A388F406FAB8408</key>
		<dict>
			<key>includeInIndex</key>
			<string>1</string>
			<key>isa</key>
			<string>PBXFileReference</string>
			<key>lastKnownFileType</key>
			<string>net.daringfireball.markdown</string>
			<key>name</key>
			<string>README.md</string>
			<key>path</key>
			<string>../README.md</string>
			<key>sourceTree</key>
			<string>&lt;group&gt;</string>
		</dict>
	</dict>
	<key>rootObject</key>
	<string>607FACC81AFB9204008FA782</string>
</dict>
</plist>
